Microsoft Visual Studio Solution File, Format Version 10.00
# Visual Studio 2008
Project("{2150E333-8FDC-42A3-9474-1A3956D46DE8}") = "ProgrammersGuide", "ProgrammersGuide", "{D916A505-093F-4FFC-BA4E-B9141506FFB4}"
EndProject
Project("{2150E333-8FDC-42A3-9474-1A3956D46DE8}") = "LoadingSavingConverting", "LoadingSavingConverting", "{FD7696AB-7742-48D4-9A5B-4913FAE1807F}"
EndProject
Project("{2150E333-8FDC-42A3-9474-1A3956D46DE8}") = "ConvertingOneNoteToPDF", "ConvertingOneNoteToPDF", "{B1CB2D41-B25D-47DE-BF74-4A04F8C85FB9}"
EndProject
Project("{FAE04EC0-301F-11D3-BF4B-00C04F79EFBC}") = "SaveWithDefaultSettings", "ProgrammersGuide\LoadingSavingConverting\ConvertingOneNoteToPDF\SaveWithDefaultSettings\CSharp\SaveWithDefaultSettings.csproj", "{58A8256E-3F00-4DAB-9E7C-8C13DC311AC8}"
EndProject
Project("{FAE04EC0-301F-11D3-BF4B-00C04F79EFBC}") = "SaveRangeOfPagesAsPDF", "ProgrammersGuide\LoadingSavingConverting\ConvertingOneNoteToPDF\SaveRangeOfPagesAsPDF\CSharp\SaveRangeOfPagesAsPDF.csproj", "{786B912B-1175-4C24-9F60-8FC04FBB5959}"
EndProject
Project("{2150E333-8FDC-42A3-9474-1A3956D46DE8}") = "ConvertingOneNoteToImage", "ConvertingOneNoteToImage", "{EF90F7FE-7546-4984-BC17-B27786BC5DC5}"
EndProject
Project("{FAE04EC0-301F-11D3-BF4B-00C04F79EFBC}") = "SaveToImageDefaultOptions", "ProgrammersGuide\LoadingSavingConverting\ConvertingOneNoteToImage\SaveToImageDefaultOptions\CSharp\SaveToImageDefaultOptions.csproj", "{E97B50D8-E847-4A3C-8329-68196326CD8F}"
EndProject
Project("{FAE04EC0-301F-11D3-BF4B-00C04F79EFBC}") = "ConvertSpecificPageToImage", "ProgrammersGuide\LoadingSavingConverting\ConvertingOneNoteToImage\ConvertSpecificPageToImage\CSharp\ConvertSpecificPageToImage.csproj", "{EBB712C4-862B-4C22-B1BF-91F6F57C3A04}"
EndProject
Project("{2150E333-8FDC-42A3-9474-1A3956D46DE8}") = "WorkingWithImages", "WorkingWithImages", "{4F428E4A-F78B-4ED0-BFFC-789F5097A910}"
EndProject
Project("{FAE04EC0-301F-11D3-BF4B-00C04F79EFBC}") = "ExtractImages", "ProgrammersGuide\WorkingWithImages\ExtractImages\CSharp\ExtractImages.csproj", "{23FE8A04-06FA-4F35-8B78-F5DE202878B0}"
EndProject
Project("{FAE04EC0-301F-11D3-BF4B-00C04F79EFBC}") = "GetInformationOfImages", "ProgrammersGuide\WorkingWithImages\GetInformationOfImages\CSharp\GetInformationOfEachImagFromOneNoteDocument.csproj", "{7664CEE7-2489-4798-B3B6-EE54D5627B0B}"
EndProject
Project("{2150E333-8FDC-42A3-9474-1A3956D46DE8}") = "WorkingWithPages", "WorkingWithPages", "{32A87755-0528-4970-8803-9BF90FF4DCB4}"
EndProject
Project("{FAE04EC0-301F-11D3-BF4B-00C04F79EFBC}") = "GetNumberOfPages", "ProgrammersGuide\WorkingWithPages\GetNumberOfPages\CSharp\GetNumberOfPages.csproj", "{AA787D28-B041-4C50-86ED-BA0983692C05}"
EndProject
Project("{2150E333-8FDC-42A3-9474-1A3956D46DE8}") = "WorkingWithText", "WorkingWithText", "{E7D2782D-2CAF-4AE7-AED3-5DC46464E4C9}"
EndProject
Project("{2150E333-8FDC-42A3-9474-1A3956D46DE8}") = "ExtractTextFromOneNoteDocument", "ExtractTextFromOneNoteDocument", "{BB2187E3-AEEA-4801-B6B7-12DFCCA7B8A8}"
EndProject
Project("{FAE04EC0-301F-11D3-BF4B-00C04F79EFBC}") = "ExtractingAllText", "ProgrammersGuide\WorkingWithText\ExtractTextFromOneNoteDocument\ExtractingAllText\CSharp\ExtractingAllText.csproj", "{51AEF036-0981-4C24-836A-0D7454A777EF}"
EndProject
Project("{FAE04EC0-301F-11D3-BF4B-00C04F79EFBC}") = "ExtractingTextFromAPage", "ProgrammersGuide\WorkingWithText\ExtractTextFromOneNoteDocument\ExtractingTextFromAPage\CSharp\ExtractingTextFromAPage.csproj", "{8EB8B62D-4ABB-4B02-9473-C31320492827}"
EndProject
Project("{2150E333-8FDC-42A3-9474-1A3956D46DE8}") = "ReplaceTextInPagesOfOneNoteDocument", "ReplaceTextInPagesOfOneNoteDocument", "{646A06D2-85D4-4F42-8359-F69D27E74CB5}"
EndProject
Project("{FAE04EC0-301F-11D3-BF4B-00C04F79EFBC}") = "ReplaceTextOnAllPages", "ProgrammersGuide\WorkingWithText\ReplaceTextInPagesOfOneNoteDocument\ReplaceTextOnAllPages\CSharp\ReplaceTextOnAllPages.csproj", "{51934527-BFAC-4B31-B599-0B24A2B3A0F5}"
EndProject
Project("{FAE04EC0-301F-11D3-BF4B-00C04F79EFBC}") = "ReplaceTextOnParticularPage", "ProgrammersGuide\WorkingWithText\ReplaceTextInPagesOfOneNoteDocument\ReplaceTextOnParticularPage\CSharp\ReplaceTextOnParticularPage.csproj", "{758EF77C-C0F2-40ED-85B2-05E6365DB710}"
EndProject
Global
	GlobalSection(SolutionConfigurationPlatforms) = preSolution
		Debug|Any CPU = Debug|Any CPU
		Release|Any CPU = Release|Any CPU
	EndGlobalSection
	GlobalSection(ProjectConfigurationPlatforms) = postSolution
		{58A8256E-3F00-4DAB-9E7C-8C13DC311AC8}.Debug|Any CPU.ActiveCfg = Debug|Any CPU
		{58A8256E-3F00-4DAB-9E7C-8C13DC311AC8}.Debug|Any CPU.Build.0 = Debug|Any CPU
		{58A8256E-3F00-4DAB-9E7C-8C13DC311AC8}.Release|Any CPU.ActiveCfg = Release|Any CPU
		{786B912B-1175-4C24-9F60-8FC04FBB5959}.Debug|Any CPU.ActiveCfg = Debug|Any CPU
		{786B912B-1175-4C24-9F60-8FC04FBB5959}.Debug|Any CPU.Build.0 = Debug|Any CPU
		{786B912B-1175-4C24-9F60-8FC04FBB5959}.Release|Any CPU.ActiveCfg = Release|Any CPU
		{E97B50D8-E847-4A3C-8329-68196326CD8F}.Debug|Any CPU.ActiveCfg = Debug|Any CPU
		{E97B50D8-E847-4A3C-8329-68196326CD8F}.Debug|Any CPU.Build.0 = Debug|Any CPU
		{E97B50D8-E847-4A3C-8329-68196326CD8F}.Release|Any CPU.ActiveCfg = Release|Any CPU
		{EBB712C4-862B-4C22-B1BF-91F6F57C3A04}.Debug|Any CPU.ActiveCfg = Debug|Any CPU
		{EBB712C4-862B-4C22-B1BF-91F6F57C3A04}.Debug|Any CPU.Build.0 = Debug|Any CPU
		{EBB712C4-862B-4C22-B1BF-91F6F57C3A04}.Release|Any CPU.ActiveCfg = Release|Any CPU
		{23FE8A04-06FA-4F35-8B78-F5DE202878B0}.Debug|Any CPU.ActiveCfg = Debug|Any CPU
		{23FE8A04-06FA-4F35-8B78-F5DE202878B0}.Debug|Any CPU.Build.0 = Debug|Any CPU
		{23FE8A04-06FA-4F35-8B78-F5DE202878B0}.Release|Any CPU.ActiveCfg = Release|Any CPU
		{7664CEE7-2489-4798-B3B6-EE54D5627B0B}.Debug|Any CPU.ActiveCfg = Debug|Any CPU
		{7664CEE7-2489-4798-B3B6-EE54D5627B0B}.Debug|Any CPU.Build.0 = Debug|Any CPU
		{7664CEE7-2489-4798-B3B6-EE54D5627B0B}.Release|Any CPU.ActiveCfg = Release|Any CPU
		{AA787D28-B041-4C50-86ED-BA0983692C05}.Debug|Any CPU.ActiveCfg = Debug|Any CPU
		{AA787D28-B041-4C50-86ED-BA0983692C05}.Debug|Any CPU.Build.0 = Debug|Any CPU
		{AA787D28-B041-4C50-86ED-BA0983692C05}.Release|Any CPU.ActiveCfg = Release|Any CPU
		{51AEF036-0981-4C24-836A-0D7454A777EF}.Debug|Any CPU.ActiveCfg = Debug|Any CPU
		{51AEF036-0981-4C24-836A-0D7454A777EF}.Debug|Any CPU.Build.0 = Debug|Any CPU
		{51AEF036-0981-4C24-836A-0D7454A777EF}.Release|Any CPU.ActiveCfg = Release|Any CPU
		{8EB8B62D-4ABB-4B02-9473-C31320492827}.Debug|Any CPU.ActiveCfg = Debug|Any CPU
		{8EB8B62D-4ABB-4B02-9473-C31320492827}.Debug|Any CPU.Build.0 = Debug|Any CPU
		{8EB8B62D-4ABB-4B02-9473-C31320492827}.Release|Any CPU.ActiveCfg = Release|Any CPU
		{51934527-BFAC-4B31-B599-0B24A2B3A0F5}.Debug|Any CPU.ActiveCfg = Debug|Any CPU
		{51934527-BFAC-4B31-B599-0B24A2B3A0F5}.Debug|Any CPU.Build.0 = Debug|Any CPU
		{51934527-BFAC-4B31-B599-0B24A2B3A0F5}.Release|Any CPU.ActiveCfg = Release|Any CPU
		{758EF77C-C0F2-40ED-85B2-05E6365DB710}.Debug|Any CPU.ActiveCfg = Debug|Any CPU
		{758EF77C-C0F2-40ED-85B2-05E6365DB710}.Debug|Any CPU.Build.0 = Debug|Any CPU
		{758EF77C-C0F2-40ED-85B2-05E6365DB710}.Release|Any CPU.ActiveCfg = Release|Any CPU
	EndGlobalSection
	GlobalSection(SolutionProperties) = preSolution
		HideSolutionNode = FALSE
	EndGlobalSection
	GlobalSection(NestedProjects) = preSolution
		{FD7696AB-7742-48D4-9A5B-4913FAE1807F} = {D916A505-093F-4FFC-BA4E-B9141506FFB4}
		{B1CB2D41-B25D-47DE-BF74-4A04F8C85FB9} = {FD7696AB-7742-48D4-9A5B-4913FAE1807F}
		{58A8256E-3F00-4DAB-9E7C-8C13DC311AC8} = {B1CB2D41-B25D-47DE-BF74-4A04F8C85FB9}
		{786B912B-1175-4C24-9F60-8FC04FBB5959} = {B1CB2D41-B25D-47DE-BF74-4A04F8C85FB9}
		{EF90F7FE-7546-4984-BC17-B27786BC5DC5} = {FD7696AB-7742-48D4-9A5B-4913FAE1807F}
		{E97B50D8-E847-4A3C-8329-68196326CD8F} = {EF90F7FE-7546-4984-BC17-B27786BC5DC5}
		{EBB712C4-862B-4C22-B1BF-91F6F57C3A04} = {EF90F7FE-7546-4984-BC17-B27786BC5DC5}
		{4F428E4A-F78B-4ED0-BFFC-789F5097A910} = {D916A505-093F-4FFC-BA4E-B9141506FFB4}
		{23FE8A04-06FA-4F35-8B78-F5DE202878B0} = {4F428E4A-F78B-4ED0-BFFC-789F5097A910}
		{7664CEE7-2489-4798-B3B6-EE54D5627B0B} = {4F428E4A-F78B-4ED0-BFFC-789F5097A910}
		{32A87755-0528-4970-8803-9BF90FF4DCB4} = {D916A505-093F-4FFC-BA4E-B9141506FFB4}
		{AA787D28-B041-4C50-86ED-BA0983692C05} = {32A87755-0528-4970-8803-9BF90FF4DCB4}
		{E7D2782D-2CAF-4AE7-AED3-5DC46464E4C9} = {D916A505-093F-4FFC-BA4E-B9141506FFB4}
		{BB2187E3-AEEA-4801-B6B7-12DFCCA7B8A8} = {E7D2782D-2CAF-4AE7-AED3-5DC46464E4C9}
		{51AEF036-0981-4C24-836A-0D7454A777EF} = {BB2187E3-AEEA-4801-B6B7-12DFCCA7B8A8}
		{8EB8B62D-4ABB-4B02-9473-C31320492827} = {BB2187E3-AEEA-4801-B6B7-12DFCCA7B8A8}
		{646A06D2-85D4-4F42-8359-F69D27E74CB5} = {E7D2782D-2CAF-4AE7-AED3-5DC46464E4C9}
		{51934527-BFAC-4B31-B599-0B24A2B3A0F5} = {646A06D2-85D4-4F42-8359-F69D27E74CB5}
		{758EF77C-C0F2-40ED-85B2-05E6365DB710} = {646A06D2-85D4-4F42-8359-F69D27E74CB5}
	EndGlobalSection
EndGlobal
